github.com/i0Ek3/asrt v0.0.0-20210930225523-8f293414f66d h1:5t4XbB3J6xMkDXWLF3qFcPihyNuCt/iOBbOwclCsGQY=
github.com/i0Ek3/asrt v0.0.0-20210930225523-8f293414f66d/go.mod h1:9QSNAN0XT2VglcE2qfpR9vSoReJmpDfD6XttllljxJ0=
github.com/i0Ek3/noerr v0.0.0-20211113105231-c199d5a9cf43 h1:bR5S9aTaDXHzkLgjV44Eq2qNfYxZUZInBGnOqUD7qbg=
github.com/i0Ek3/noerr v0.0.0-20211113105231-c199d5a9cf43/go.mod h1:Ou2xFc1Kf0X9uWOMD7ioqZozvDTbwTjQnqi+PQAwAkg=
github.com/skip2/go-qrcode v0.0.0-20200617195104-da1b6568686e h1:MRM5ITcdelLK2j1vwZ3Je0FKVCfqOLp5zO6trqMLYs0=
github.com/skip2/go-qrcode v0.0.0-20200617195104-da1b6568686e/go.mod h1:XV66xRDqSt+GTGFMVlhk3ULuV0y9ZmzeVGR4mloJI3M=
